
Microsoft Visual Studio Solution File, Format Version 12.00
# Visual Studio Version 18
VisualStudioVersion = 18.0.11217.181 d18.0
MinimumVisualStudioVersion = 10.0.40219.1
Project("{FAE04EC0-301F-11D3-BF4B-00C04F79EFBC}") = "DepotDownloader.Lib", "DepotDownloader\DepotDownloader.Lib.csproj", "{39159C47-ACD3-449F-96CA-4F30C8ED147A}"
EndProject
Project("{FAE04EC0-301F-11D3-BF4B-00C04F79EFBC}") = "DepotDownloader.Client", "DepotDownloader.Client\DepotDownloader.Client.csproj", "{DE86308B-8366-45F2-8E8D-DD77D7F5DD8C}"
EndProject
Global
	GlobalSection(SolutionConfigurationPlatforms) = preSolution
		Debug|Any CPU = Debug|Any CPU
		Release|Any CPU = Release|Any CPU
	EndGlobalSection
	GlobalSection(ProjectConfigurationPlatforms) = postSolution
		{39159C47-ACD3-449F-96CA-4F30C8ED147A}.Debug|Any CPU.ActiveCfg = Debug|Any CPU
		{39159C47-ACD3-449F-96CA-4F30C8ED147A}.Debug|Any CPU.Build.0 = Debug|Any CPU
		{39159C47-ACD3-449F-96CA-4F30C8ED147A}.Release|Any CPU.ActiveCfg = Release|Any CPU
		{39159C47-ACD3-449F-96CA-4F30C8ED147A}.Release|Any CPU.Build.0 = Release|Any CPU
		{DE86308B-8366-45F2-8E8D-DD77D7F5DD8C}.Debug|Any CPU.ActiveCfg = Debug|Any CPU
		{DE86308B-8366-45F2-8E8D-DD77D7F5DD8C}.Debug|Any CPU.Build.0 = Debug|Any CPU
		{DE86308B-8366-45F2-8E8D-DD77D7F5DD8C}.Release|Any CPU.ActiveCfg = Release|Any CPU
		{DE86308B-8366-45F2-8E8D-DD77D7F5DD8C}.Release|Any CPU.Build.0 = Release|Any CPU
	EndGlobalSection
	GlobalSection(SolutionProperties) = preSolution
		HideSolutionNode = FALSE
	EndGlobalSection
	GlobalSection(ExtensibilityGlobals) = postSolution
		SolutionGuid = {DEC820BF-3F47-42E6-A4D1-C79941A3DF23}
	EndGlobalSection
EndGlobal
